
Microsoft Visual Studio Solution File, Format Version 12.00
# Visual Studio Version 16
VisualStudioVersion = 16.0.29613.14
MinimumVisualStudioVersion = 10.0.40219.1
Project("{FAE04EC0-301F-11D3-BF4B-00C04F79EFBC}") = "FilmDataBaseForm", "FilmDataBaseForm\FilmDataBaseForm.csproj", "{B03BC6DA-B2D1-407C-A79D-5F8A1B8E5BDF}"
EndProject
Global
	GlobalSection(SolutionConfigurationPlatforms) = preSolution
		Debug|Any CPU = Debug|Any CPU
		Release|Any CPU = Release|Any CPU
	EndGlobalSection
	GlobalSection(ProjectConfigurationPlatforms) = postSolution
		{B03BC6DA-B2D1-407C-A79D-5F8A1B8E5BDF}.Debug|Any CPU.ActiveCfg = Debug|Any CPU
		{B03BC6DA-B2D1-407C-A79D-5F8A1B8E5BDF}.Debug|Any CPU.Build.0 = Debug|Any CPU
		{B03BC6DA-B2D1-407C-A79D-5F8A1B8E5BDF}.Release|Any CPU.ActiveCfg = Release|Any CPU
		{B03BC6DA-B2D1-407C-A79D-5F8A1B8E5BDF}.Release|Any CPU.Build.0 = Release|Any CPU
	EndGlobalSection
	GlobalSection(SolutionProperties) = preSolution
		HideSolutionNode = FALSE
	EndGlobalSection
	GlobalSection(ExtensibilityGlobals) = postSolution
		SolutionGuid = {9FDFF34C-5512-49F0-BBE4-64557743ED74}
	EndGlobalSection
EndGlobal
