
Microsoft Visual Studio Solution File, Format Version 12.00
# Visual Studio Version 16
VisualStudioVersion = 16.0.29613.14
MinimumVisualStudioVersion = 10.0.40219.1
Project("{FAE04EC0-301F-11D3-BF4B-00C04F79EFBC}") = "FilmDataBaseForm.Models", "FilmDataBaseForm.Models\FilmDataBaseForm.Models.csproj", "{577B812C-E4D4-4CE4-A220-029503964147}"
EndProject
Project("{FAE04EC0-301F-11D3-BF4B-00C04F79EFBC}") = "FilmDataBaseForm.ModelsTests", "FilmDataBaseForm.ModelsTests\FilmDataBaseForm.ModelsTests.csproj", "{CA99E6B1-090E-4424-8783-E60FFC7FC7DE}"
EndProject
Project("{FAE04EC0-301F-11D3-BF4B-00C04F79EFBC}") = "File_MessageLib", "..\..\..\Libs\LibFramework\Lib\File_MessageLib\File_MessageLib.csproj", "{04A83209-AD9B-42E8-925E-600ECE1687F7}"
EndProject
Global
	GlobalSection(SolutionConfigurationPlatforms) = preSolution
		Debug|Any CPU = Debug|Any CPU
		Release|Any CPU = Release|Any CPU
	EndGlobalSection
	GlobalSection(ProjectConfigurationPlatforms) = postSolution
		{577B812C-E4D4-4CE4-A220-029503964147}.Debug|Any CPU.ActiveCfg = Debug|Any CPU
		{577B812C-E4D4-4CE4-A220-029503964147}.Debug|Any CPU.Build.0 = Debug|Any CPU
		{577B812C-E4D4-4CE4-A220-029503964147}.Release|Any CPU.ActiveCfg = Release|Any CPU
		{577B812C-E4D4-4CE4-A220-029503964147}.Release|Any CPU.Build.0 = Release|Any CPU
		{CA99E6B1-090E-4424-8783-E60FFC7FC7DE}.Debug|Any CPU.ActiveCfg = Debug|Any CPU
		{CA99E6B1-090E-4424-8783-E60FFC7FC7DE}.Debug|Any CPU.Build.0 = Debug|Any CPU
		{CA99E6B1-090E-4424-8783-E60FFC7FC7DE}.Release|Any CPU.ActiveCfg = Release|Any CPU
		{CA99E6B1-090E-4424-8783-E60FFC7FC7DE}.Release|Any CPU.Build.0 = Release|Any CPU
		{04A83209-AD9B-42E8-925E-600ECE1687F7}.Debug|Any CPU.ActiveCfg = Debug|Any CPU
		{04A83209-AD9B-42E8-925E-600ECE1687F7}.Debug|Any CPU.Build.0 = Debug|Any CPU
		{04A83209-AD9B-42E8-925E-600ECE1687F7}.Release|Any CPU.ActiveCfg = Release|Any CPU
		{04A83209-AD9B-42E8-925E-600ECE1687F7}.Release|Any CPU.Build.0 = Release|Any CPU
	EndGlobalSection
	GlobalSection(SolutionProperties) = preSolution
		HideSolutionNode = FALSE
	EndGlobalSection
	GlobalSection(ExtensibilityGlobals) = postSolution
		SolutionGuid = {9FDFF34C-5512-49F0-BBE4-64557743ED74}
	EndGlobalSection
EndGlobal
